
Microsoft Visual Studio Solution File, Format Version 12.00
# Visual Studio Version 17
VisualStudioVersion = 17.12.35527.113
MinimumVisualStudioVersion = 10.0.40219.1
Project("{FAE04EC0-301F-11D3-BF4B-00C04F79EFBC}") = "ProyectoPrincipal", "ProyectoPrincipal.csproj", "{588081A3-2D2D-43D3-BD35-60E22D20C215}"
EndProject
Global
	GlobalSection(SolutionConfigurationPlatforms) = preSolution
		Debug|Any CPU = Debug|Any CPU
		Release|Any CPU = Release|Any CPU
	EndGlobalSection
	GlobalSection(ProjectConfigurationPlatforms) = postSolution
		{588081A3-2D2D-43D3-BD35-60E22D20C215}.Debug|Any CPU.ActiveCfg = Debug|Any CPU
		{588081A3-2D2D-43D3-BD35-60E22D20C215}.Debug|Any CPU.Build.0 = Debug|Any CPU
		{588081A3-2D2D-43D3-BD35-60E22D20C215}.Release|Any CPU.ActiveCfg = Release|Any CPU
		{588081A3-2D2D-43D3-BD35-60E22D20C215}.Release|Any CPU.Build.0 = Release|Any CPU
	EndGlobalSection
	GlobalSection(SolutionProperties) = preSolution
		HideSolutionNode = FALSE
	EndGlobalSection
EndGlobal
